
Microsoft Visual Studio Solution File, Format Version 12.00
# Visual Studio Version 17
VisualStudioVersion = 17.14.36109.1
MinimumVisualStudioVersion = 10.0.40219.1
Project("{FAE04EC0-301F-11D3-BF4B-00C04F79EFBC}") = "Ado_First", "Ado_First\Ado_First.csproj", "{C0F75648-A5E6-42BE-A423-616F0A907573}"
EndProject
Project("{FAE04EC0-301F-11D3-BF4B-00C04F79EFBC}") = "DataLayer.ADO", "DataLayer.ADO\DataLayer.ADO.csproj", "{A5808862-F954-4418-B6F1-59285D8328A7}"
EndProject
Global
	GlobalSection(SolutionConfigurationPlatforms) = preSolution
		Debug|Any CPU = Debug|Any CPU
		Release|Any CPU = Release|Any CPU
	EndGlobalSection
	GlobalSection(ProjectConfigurationPlatforms) = postSolution
		{C0F75648-A5E6-42BE-A423-616F0A907573}.Debug|Any CPU.ActiveCfg = Debug|Any CPU
		{C0F75648-A5E6-42BE-A423-616F0A907573}.Debug|Any CPU.Build.0 = Debug|Any CPU
		{C0F75648-A5E6-42BE-A423-616F0A907573}.Release|Any CPU.ActiveCfg = Release|Any CPU
		{C0F75648-A5E6-42BE-A423-616F0A907573}.Release|Any CPU.Build.0 = Release|Any CPU
		{A5808862-F954-4418-B6F1-59285D8328A7}.Debug|Any CPU.ActiveCfg = Debug|Any CPU
		{A5808862-F954-4418-B6F1-59285D8328A7}.Debug|Any CPU.Build.0 = Debug|Any CPU
		{A5808862-F954-4418-B6F1-59285D8328A7}.Release|Any CPU.ActiveCfg = Release|Any CPU
		{A5808862-F954-4418-B6F1-59285D8328A7}.Release|Any CPU.Build.0 = Release|Any CPU
	EndGlobalSection
	GlobalSection(SolutionProperties) = preSolution
		HideSolutionNode = FALSE
	EndGlobalSection
	GlobalSection(ExtensibilityGlobals) = postSolution
		SolutionGuid = {A5D854D3-8FD9-4863-BCB7-B9B1A9DE07D2}
	EndGlobalSection
EndGlobal
